
Microsoft Visual Studio Solution File, Format Version 12.00
# Visual Studio 15
VisualStudioVersion = 15.0.36617.4
MinimumVisualStudioVersion = 10.0.40219.1
Project("{F184B08F-C81C-45F6-A57F-5ABD9991F28F}") = "Examen 1er parcial 25176", "Examen 1er parcial 25176\Examen 1er parcial 25176.vbproj", "{62893898-773E-49AC-B9B8-E7451B604731}"
EndProject
Global
	GlobalSection(SolutionConfigurationPlatforms) = preSolution
		Debug|Any CPU = Debug|Any CPU
		Release|Any CPU = Release|Any CPU
	EndGlobalSection
	GlobalSection(ProjectConfigurationPlatforms) = postSolution
		{62893898-773E-49AC-B9B8-E7451B604731}.Debug|Any CPU.ActiveCfg = Debug|Any CPU
		{62893898-773E-49AC-B9B8-E7451B604731}.Debug|Any CPU.Build.0 = Debug|Any CPU
		{62893898-773E-49AC-B9B8-E7451B604731}.Release|Any CPU.ActiveCfg = Release|Any CPU
		{62893898-773E-49AC-B9B8-E7451B604731}.Release|Any CPU.Build.0 = Release|Any CPU
	EndGlobalSection
	GlobalSection(SolutionProperties) = preSolution
		HideSolutionNode = FALSE
	EndGlobalSection
	GlobalSection(ExtensibilityGlobals) = postSolution
		SolutionGuid = {504AC77C-E4DB-43AD-9695-C53A5FD1E1A8}
	EndGlobalSection
EndGlobal
